
Microsoft Visual Studio Solution File, Format Version 12.00
# Visual Studio Version 17
VisualStudioVersion = 17.9.34728.123
MinimumVisualStudioVersion = 10.0.40219.1
Project("{FAE04EC0-301F-11D3-BF4B-00C04F79EFBC}") = "Constant", "Constant\Constant.csproj", "{DD8CF81E-B71F-457F-90A7-D2A0E95BCACC}"
EndProject
Global
	GlobalSection(SolutionConfigurationPlatforms) = preSolution
		Debug|Any CPU = Debug|Any CPU
		Release|Any CPU = Release|Any CPU
	EndGlobalSection
	GlobalSection(ProjectConfigurationPlatforms) = postSolution
		{DD8CF81E-B71F-457F-90A7-D2A0E95BCACC}.Debug|Any CPU.ActiveCfg = Debug|Any CPU
		{DD8CF81E-B71F-457F-90A7-D2A0E95BCACC}.Debug|Any CPU.Build.0 = Debug|Any CPU
		{DD8CF81E-B71F-457F-90A7-D2A0E95BCACC}.Release|Any CPU.ActiveCfg = Release|Any CPU
		{DD8CF81E-B71F-457F-90A7-D2A0E95BCACC}.Release|Any CPU.Build.0 = Release|Any CPU
	EndGlobalSection
	GlobalSection(SolutionProperties) = preSolution
		HideSolutionNode = FALSE
	EndGlobalSection
	GlobalSection(ExtensibilityGlobals) = postSolution
		SolutionGuid = {13DEFB26-70B0-4092-810A-21067D219B9A}
	EndGlobalSection
EndGlobal
